// !$*UTF8*$!
{
	archiveVersion = 1;
	classes = {
	};
	objectVersion = 77;
	objects = {

/* Begin PBXBuildFile section */
		A053E7419E213615E45D1FA7 /* ContentView.swift in Sources */ = {isa = PBXBuildFile; fileRef = 3510887441D2C1A692423B76 /* ContentView.swift */; };
		B000BDC324094B1C7D2A7568 /* SharedStreamConfiguration.swift in Sources */ = {isa = PBXBuildFile; fileRef = 8B23B99ED4466182E7A740E5 /* SharedStreamConfiguration.swift */; };
		BDF1460A791F19B8FE153136 /* SampleHandler.swift in Sources */ = {isa = PBXBuildFile; fileRef = CC06E2357A43F9C902D3C27A /* SampleHandler.swift */; };
		BEA8213A82FE2F2FB91FA9BD /* BroadcastPickerButton.swift in Sources */ = {isa = PBXBuildFile; fileRef = 4AF067BC4FC27BC25474BF30 /* BroadcastPickerButton.swift */; };
		D38184A4E7733FF3064530EB /* BroadcastUploadExtension.appex in Embed Foundation Extensions */ = {isa = PBXBuildFile; fileRef = 717A7BFD9E378005EFD51357 /* BroadcastUploadExtension.appex */; settings = {ATTRIBUTES = (RemoveHeadersOnCopy, ); }; };
		DCCCE74B8CC66A7A8280C454 /* StreamConfiguration.swift in Sources */ = {isa = PBXBuildFile; fileRef = 265BD8A8443062E9F2EFA04E /* StreamConfiguration.swift */; };
		E0F5C0EC9E7E41AC11B3AE8D /* IOSStreamViewerApp.swift in Sources */ = {isa = PBXBuildFile; fileRef = F8342D7852CD915F4660913F /* IOSStreamViewerApp.swift */; };
/* End PBXBuildFile section */

/* Begin PBXContainerItemProxy section */
		2CC0B20664EFFBC174CE9ADE /* PBXContainerItemProxy */ = {
			isa = PBXContainerItemProxy;
			containerPortal = 30F5E06654031B9A3A994060 /* Project object */;
			proxyType = 1;
			remoteGlobalIDString = 669EAEAEB27C2E816270F2D1;
			remoteInfo = BroadcastUploadExtension;
		};
/* End PBXContainerItemProxy section */

/* Begin PBXCopyFilesBuildPhase section */
		20005F5AD491B82B20468920 /* Embed Foundation Extensions */ = {
			isa = PBXCopyFilesBuildPhase;
			buildActionMask = 2147483647;
			dstPath = "";
			dstSubfolderSpec = 13;
			files = (
				D38184A4E7733FF3064530EB /* BroadcastUploadExtension.appex in Embed Foundation Extensions */,
			);
			name = "Embed Foundation Extensions";
			runOnlyForDeploymentPostprocessing = 0;
		};
/* End PBXCopyFilesBuildPhase section */

/* Begin PBXFileReference section */
		265BD8A8443062E9F2EFA04E /* StreamConfiguration.swift */ = {isa = PBXFileReference; lastKnownFileType = sourcecode.swift; path = StreamConfiguration.swift; sourceTree = "<group>"; };
		3510887441D2C1A692423B76 /* ContentView.swift */ = {isa = PBXFileReference; lastKnownFileType = sourcecode.swift; path = ContentView.swift; sourceTree = "<group>"; };
		4AF067BC4FC27BC25474BF30 /* BroadcastPickerButton.swift */ = {isa = PBXFileReference; lastKnownFileType = sourcecode.swift; path = BroadcastPickerButton.swift; sourceTree = "<group>"; };
		5C619DD5068AA1FE5923689A /* IOSStreamViewer.app */ = {isa = PBXFileReference; includeInIndex = 0; lastKnownFileType = wrapper.application; path = IOSStreamViewer.app; sourceTree = BUILT_PRODUCTS_DIR; };
		717A7BFD9E378005EFD51357 /* BroadcastUploadExtension.appex */ = {isa = PBXFileReference; includeInIndex = 0; lastKnownFileType = "wrapper.app-extension"; path = BroadcastUploadExtension.appex; sourceTree = BUILT_PRODUCTS_DIR; };
		8B23B99ED4466182E7A740E5 /* SharedStreamConfiguration.swift */ = {isa = PBXFileReference; lastKnownFileType = sourcecode.swift; path = SharedStreamConfiguration.swift; sourceTree = "<group>"; };
		CC06E2357A43F9C902D3C27A /* SampleHandler.swift */ = {isa = PBXFileReference; lastKnownFileType = sourcecode.swift; path = SampleHandler.swift; sourceTree = "<group>"; };
		F8342D7852CD915F4660913F /* IOSStreamViewerApp.swift */ = {isa = PBXFileReference; lastKnownFileType = sourcecode.swift; path = IOSStreamViewerApp.swift; sourceTree = "<group>"; };
/* End PBXFileReference section */

/* Begin PBXGroup section */
		01744EDD7F117FE271DF0003 /* Sources */ = {
			isa = PBXGroup;
			children = (
				CC06E2357A43F9C902D3C27A /* SampleHandler.swift */,
				8B23B99ED4466182E7A740E5 /* SharedStreamConfiguration.swift */,
			);
			name = Sources;
			path = BroadcastUploadExtension/Sources;
			sourceTree = "<group>";
		};
		8D7CEF0540E47149026C3C9E /* Sources */ = {
			isa = PBXGroup;
			children = (
				4AF067BC4FC27BC25474BF30 /* BroadcastPickerButton.swift */,
				3510887441D2C1A692423B76 /* ContentView.swift */,
				F8342D7852CD915F4660913F /* IOSStreamViewerApp.swift */,
				265BD8A8443062E9F2EFA04E /* StreamConfiguration.swift */,
			);
			name = Sources;
			path = App/Sources;
			sourceTree = "<group>";
		};
		C16669B0E82A28EB41C9C6A5 /* Products */ = {
			isa = PBXGroup;
			children = (
				717A7BFD9E378005EFD51357 /* BroadcastUploadExtension.appex */,
				5C619DD5068AA1FE5923689A /* IOSStreamViewer.app */,
			);
			name = Products;
			sourceTree = "<group>";
		};
		E84BB045511F584E07334043 = {
			isa = PBXGroup;
			children = (
				8D7CEF0540E47149026C3C9E /* Sources */,
				01744EDD7F117FE271DF0003 /* Sources */,
				C16669B0E82A28EB41C9C6A5 /* Products */,
			);
			sourceTree = "<group>";
		};
/* End PBXGroup section */

/* Begin PBXNativeTarget section */
		04ADE56F9EDD0F0A0D4E5461 /* IOSStreamViewer */ = {
			isa = PBXNativeTarget;
			buildConfigurationList = 5FD49C79EADF8E4F9BA0127D /* Build configuration list for PBXNativeTarget "IOSStreamViewer" */;
			buildPhases = (
				896A43628D4968570144D774 /* Sources */,
				20005F5AD491B82B20468920 /* Embed Foundation Extensions */,
			);
			buildRules = (
			);
			dependencies = (
				82B573367A098CC1F3BD3BCC /* PBXTargetDependency */,
			);
			name = IOSStreamViewer;
			packageProductDependencies = (
			);
			productName = IOSStreamViewer;
			productReference = 5C619DD5068AA1FE5923689A /* IOSStreamViewer.app */;
			productType = "com.apple.product-type.application";
		};
		669EAEAEB27C2E816270F2D1 /* BroadcastUploadExtension */ = {
			isa = PBXNativeTarget;
			buildConfigurationList = AB94BFA1146D689809AEC998 /* Build configuration list for PBXNativeTarget "BroadcastUploadExtension" */;
			buildPhases = (
				9AD8D55C9268D6DCFDA9C7FF /* Sources */,
			);
			buildRules = (
			);
			dependencies = (
			);
			name = BroadcastUploadExtension;
			packageProductDependencies = (
			);
			productName = BroadcastUploadExtension;
			productReference = 717A7BFD9E378005EFD51357 /* BroadcastUploadExtension.appex */;
			productType = "com.apple.product-type.app-extension";
		};
/* End PBXNativeTarget section */

/* Begin PBXProject section */
		30F5E06654031B9A3A994060 /* Project object */ = {
			isa = PBXProject;
			attributes = {
				BuildIndependentTargetsInParallel = YES;
				LastUpgradeCheck = 1430;
				TargetAttributes = {
					04ADE56F9EDD0F0A0D4E5461 = {
						DevelopmentTeam = 6RM2TN4K2V;
						ProvisioningStyle = Automatic;
						SystemCapabilities = {
							com.apple.ApplicationGroups.iOS = {
								enabled = 1;
							};
						};
					};
					669EAEAEB27C2E816270F2D1 = {
						DevelopmentTeam = 6RM2TN4K2V;
						ProvisioningStyle = Automatic;
						SystemCapabilities = {
							com.apple.ApplicationGroups.iOS = {
								enabled = 1;
							};
						};
					};
				};
			};
			buildConfigurationList = C3CC053A412F33F322B4C775 /* Build configuration list for PBXProject "IOSStreamViewer" */;
			developmentRegion = en;
			hasScannedForEncodings = 0;
			knownRegions = (
				Base,
				en,
			);
			mainGroup = E84BB045511F584E07334043;
			minimizedProjectReferenceProxies = 1;
			preferredProjectObjectVersion = 77;
			productRefGroup = C16669B0E82A28EB41C9C6A5 /* Products */;
			projectDirPath = "";
			projectRoot = "";
			targets = (
				669EAEAEB27C2E816270F2D1 /* BroadcastUploadExtension */,
				04ADE56F9EDD0F0A0D4E5461 /* IOSStreamViewer */,
			);
		};
/* End PBXProject section */

/* Begin PBXSourcesBuildPhase section */
		896A43628D4968570144D774 /* Sources */ = {
			isa = PBXSourcesBuildPhase;
			buildActionMask = 2147483647;
			files = (
				BEA8213A82FE2F2FB91FA9BD /* BroadcastPickerButton.swift in Sources */,
				A053E7419E213615E45D1FA7 /* ContentView.swift in Sources */,
				E0F5C0EC9E7E41AC11B3AE8D /* IOSStreamViewerApp.swift in Sources */,
				DCCCE74B8CC66A7A8280C454 /* StreamConfiguration.swift in Sources */,
			);
			runOnlyForDeploymentPostprocessing = 0;
		};
		9AD8D55C9268D6DCFDA9C7FF /* Sources */ = {
			isa = PBXSourcesBuildPhase;
			buildActionMask = 2147483647;
			files = (
				BDF1460A791F19B8FE153136 /* SampleHandler.swift in Sources */,
				B000BDC324094B1C7D2A7568 /* SharedStreamConfiguration.swift in Sources */,
			);
			runOnlyForDeploymentPostprocessing = 0;
		};
/* End PBXSourcesBuildPhase section */

/* Begin PBXTargetDependency section */
		82B573367A098CC1F3BD3BCC /* PBXTargetDependency */ = {
			isa = PBXTargetDependency;
			target = 669EAEAEB27C2E816270F2D1 /* BroadcastUploadExtension */;
			targetProxy = 2CC0B20664EFFBC174CE9ADE /* PBXContainerItemProxy */;
		};
/* End PBXTargetDependency section */

/* Begin XCBuildConfiguration section */
		32B5F0FCD384ECE18FD66134 /* Release */ = {
			isa = XCBuildConfiguration;
			buildSettings = {
				ASSETCATALOG_COMPILER_APPICON_NAME = AppIcon;
				CODE_SIGN_STYLE = Automatic;
				CODE_SIGN_ENTITLEMENTS = App/IOSStreamViewer.entitlements;
				CODE_SIGN_IDENTITY = "iPhone Developer";
				DEVELOPMENT_TEAM = 6RM2TN4K2V;
				INFOPLIST_FILE = App/Info.plist;
				LD_RUNPATH_SEARCH_PATHS = (
					"$(inherited)",
					"@executable_path/Frameworks",
				);
				PRODUCT_BUNDLE_IDENTIFIER = com.example.IOSStreamViewer;
				SDKROOT = iphoneos;
				TARGETED_DEVICE_FAMILY = "1,2";
			};
			name = Release;
		};
		4C1BE9CADF5C7B28E84A4E4A /* Debug */ = {
			isa = XCBuildConfiguration;
			buildSettings = {
				ASSETCATALOG_COMPILER_APPICON_NAME = AppIcon;
				CODE_SIGN_ENTITLEMENTS = App/IOSStreamViewer.entitlements;
				CODE_SIGN_IDENTITY = "iPhone Developer";
				INFOPLIST_FILE = App/Info.plist;
				LD_RUNPATH_SEARCH_PATHS = (
					"$(inherited)",
					"@executable_path/Frameworks",
				);
				PRODUCT_BUNDLE_IDENTIFIER = com.example.IOSStreamViewer;
				SDKROOT = iphoneos;
				TARGETED_DEVICE_FAMILY = "1,2";
			};
			name = Debug;
		};
		6AC0ECBE2CDBE0A00CB593F5 /* Release */ = {
			isa = XCBuildConfiguration;
			buildSettings = {
				ALWAYS_SEARCH_USER_PATHS = NO;
				CLANG_ANALYZER_NONNULL = YES;
				CLANG_ANALYZER_NUMBER_OBJECT_CONVERSION = YES_AGGRESSIVE;
				CLANG_CXX_LANGUAGE_STANDARD = "gnu++14";
				CLANG_CXX_LIBRARY = "libc++";
				CLANG_ENABLE_MODULES = YES;
				CLANG_ENABLE_OBJC_ARC = YES;
				CLANG_ENABLE_OBJC_WEAK = YES;
				CLANG_WARN_BLOCK_CAPTURE_AUTORELEASING = YES;
				CLANG_WARN_BOOL_CONVERSION = YES;
				CLANG_WARN_COMMA = YES;
				CLANG_WARN_CONSTANT_CONVERSION = YES;
				CLANG_WARN_DEPRECATED_OBJC_IMPLEMENTATIONS = YES;
				CLANG_WARN_DIRECT_OBJC_ISA_USAGE = YES_ERROR;
				CLANG_WARN_DOCUMENTATION_COMMENTS = YES;
				CLANG_WARN_EMPTY_BODY = YES;
				CLANG_WARN_ENUM_CONVERSION = YES;
				CLANG_WARN_INFINITE_RECURSION = YES;
				CLANG_WARN_INT_CONVERSION = YES;
				CLANG_WARN_NON_LITERAL_NULL_CONVERSION = YES;
				CLANG_WARN_OBJC_IMPLICIT_RETAIN_SELF = YES;
				CLANG_WARN_OBJC_LITERAL_CONVERSION = YES;
				CLANG_WARN_OBJC_ROOT_CLASS = YES_ERROR;
				CLANG_WARN_QUOTED_INCLUDE_IN_FRAMEWORK_HEADER = YES;
				CLANG_WARN_RANGE_LOOP_ANALYSIS = YES;
				CLANG_WARN_STRICT_PROTOTYPES = YES;
				CLANG_WARN_SUSPICIOUS_MOVE = YES;
				CLANG_WARN_UNGUARDED_AVAILABILITY = YES_AGGRESSIVE;
				CLANG_WARN_UNREACHABLE_CODE = YES;
				CLANG_WARN__DUPLICATE_METHOD_MATCH = YES;
				COPY_PHASE_STRIP = NO;
				CURRENT_PROJECT_VERSION = 1;
				DEBUG_INFORMATION_FORMAT = "dwarf-with-dsym";
				DEVELOPMENT_TEAM = 6RM2TN4K2V;
				ENABLE_NS_ASSERTIONS = NO;
				ENABLE_STRICT_OBJC_MSGSEND = YES;
				GCC_C_LANGUAGE_STANDARD = gnu11;
				GCC_NO_COMMON_BLOCKS = YES;
				GCC_WARN_64_TO_32_BIT_CONVERSION = YES;
				GCC_WARN_ABOUT_RETURN_TYPE = YES_ERROR;
				GCC_WARN_UNDECLARED_SELECTOR = YES;
				GCC_WARN_UNINITIALIZED_AUTOS = YES_AGGRESSIVE;
				GCC_WARN_UNUSED_FUNCTION = YES;
				GCC_WARN_UNUSED_VARIABLE = YES;
				IPHONEOS_DEPLOYMENT_TARGET = 17.0;
				MARKETING_VERSION = 1.0;
				MTL_ENABLE_DEBUG_INFO = NO;
				MTL_FAST_MATH = YES;
				PRODUCT_BUNDLE_IDENTIFIER = com.example.IOSStreamViewer;
				PRODUCT_NAME = "$(TARGET_NAME)";
				SDKROOT = iphoneos;
				SWIFT_COMPILATION_MODE = wholemodule;
				SWIFT_OPTIMIZATION_LEVEL = "-O";
				SWIFT_VERSION = 5.1;
			};
			name = Release;
		};
		C6816F7C1FA5C5E1B8703956 /* Debug */ = {
			isa = XCBuildConfiguration;
			buildSettings = {
				APPLICATION_EXTENSION_API_ONLY = YES;
				CODE_SIGN_STYLE = Automatic;
				CODE_SIGN_ENTITLEMENTS = BroadcastUploadExtension/BroadcastUploadExtension.entitlements;
				DEVELOPMENT_TEAM = 6RM2TN4K2V;
				INFOPLIST_FILE = BroadcastUploadExtension/Info.plist;
				IPHONEOS_DEPLOYMENT_TARGET = 17.0;
				LD_RUNPATH_SEARCH_PATHS = (
					"$(inherited)",
					"@executable_path/Frameworks",
					"@executable_path/../../Frameworks",
				);
				PRODUCT_BUNDLE_IDENTIFIER = com.example.IOSStreamViewer.BroadcastUploadExtension;
				SDKROOT = iphoneos;
				TARGETED_DEVICE_FAMILY = "1,2";
			};
			name = Debug;
		};
		EC32F9257A2786E691516457 /* Release */ = {
			isa = XCBuildConfiguration;
			buildSettings = {
				APPLICATION_EXTENSION_API_ONLY = YES;
				CODE_SIGN_STYLE = Automatic;
				CODE_SIGN_ENTITLEMENTS = BroadcastUploadExtension/BroadcastUploadExtension.entitlements;
				DEVELOPMENT_TEAM = 6RM2TN4K2V;
				INFOPLIST_FILE = BroadcastUploadExtension/Info.plist;
				IPHONEOS_DEPLOYMENT_TARGET = 17.0;
				LD_RUNPATH_SEARCH_PATHS = (
					"$(inherited)",
					"@executable_path/Frameworks",
					"@executable_path/../../Frameworks",
				);
				PRODUCT_BUNDLE_IDENTIFIER = com.example.IOSStreamViewer.BroadcastUploadExtension;
				SDKROOT = iphoneos;
				TARGETED_DEVICE_FAMILY = "1,2";
			};
			name = Release;
		};
		FF2EA0DB3613A9D8583D5C76 /* Debug */ = {
			isa = XCBuildConfiguration;
			buildSettings = {
				ALWAYS_SEARCH_USER_PATHS = NO;
				CLANG_ANALYZER_NONNULL = YES;
				CLANG_ANALYZER_NUMBER_OBJECT_CONVERSION = YES_AGGRESSIVE;
				CLANG_CXX_LANGUAGE_STANDARD = "gnu++14";
				CLANG_CXX_LIBRARY = "libc++";
				CLANG_ENABLE_MODULES = YES;
				CLANG_ENABLE_OBJC_ARC = YES;
				CLANG_ENABLE_OBJC_WEAK = YES;
				CLANG_WARN_BLOCK_CAPTURE_AUTORELEASING = YES;
				CLANG_WARN_BOOL_CONVERSION = YES;
				CLANG_WARN_COMMA = YES;
				CLANG_WARN_CONSTANT_CONVERSION = YES;
				CLANG_WARN_DEPRECATED_OBJC_IMPLEMENTATIONS = YES;
				CLANG_WARN_DIRECT_OBJC_ISA_USAGE = YES_ERROR;
				CLANG_WARN_DOCUMENTATION_COMMENTS = YES;
				CLANG_WARN_EMPTY_BODY = YES;
				CLANG_WARN_ENUM_CONVERSION = YES;
				CLANG_WARN_INFINITE_RECURSION = YES;
				CLANG_WARN_INT_CONVERSION = YES;
				CLANG_WARN_NON_LITERAL_NULL_CONVERSION = YES;
				CLANG_WARN_OBJC_IMPLICIT_RETAIN_SELF = YES;
				CLANG_WARN_OBJC_LITERAL_CONVERSION = YES;
				CLANG_WARN_OBJC_ROOT_CLASS = YES_ERROR;
				CLANG_WARN_QUOTED_INCLUDE_IN_FRAMEWORK_HEADER = YES;
				CLANG_WARN_RANGE_LOOP_ANALYSIS = YES;
				CLANG_WARN_STRICT_PROTOTYPES = YES;
				CLANG_WARN_SUSPICIOUS_MOVE = YES;
				CLANG_WARN_UNGUARDED_AVAILABILITY = YES_AGGRESSIVE;
				CLANG_WARN_UNREACHABLE_CODE = YES;
				CLANG_WARN__DUPLICATE_METHOD_MATCH = YES;
				COPY_PHASE_STRIP = NO;
				CURRENT_PROJECT_VERSION = 1;
				CODE_SIGN_STYLE = Automatic;
				DEBUG_INFORMATION_FORMAT = dwarf;
				DEVELOPMENT_TEAM = 6RM2TN4K2V;
				ENABLE_STRICT_OBJC_MSGSEND = YES;
				ENABLE_TESTABILITY = YES;
				GCC_C_LANGUAGE_STANDARD = gnu11;
				GCC_DYNAMIC_NO_PIC = NO;
				GCC_NO_COMMON_BLOCKS = YES;
				GCC_OPTIMIZATION_LEVEL = 0;
				GCC_PREPROCESSOR_DEFINITIONS = (
					"$(inherited)",
					"DEBUG=1",
				);
				GCC_WARN_64_TO_32_BIT_CONVERSION = YES;
				GCC_WARN_ABOUT_RETURN_TYPE = YES_ERROR;
				GCC_WARN_UNDECLARED_SELECTOR = YES;
				GCC_WARN_UNINITIALIZED_AUTOS = YES_AGGRESSIVE;
				GCC_WARN_UNUSED_FUNCTION = YES;
				GCC_WARN_UNUSED_VARIABLE = YES;
				IPHONEOS_DEPLOYMENT_TARGET = 17.0;
				MARKETING_VERSION = 1.0;
				MTL_ENABLE_DEBUG_INFO = INCLUDE_SOURCE;
				MTL_FAST_MATH = YES;
				ONLY_ACTIVE_ARCH = YES;
				PRODUCT_BUNDLE_IDENTIFIER = com.example.IOSStreamViewer;
				PRODUCT_NAME = "$(TARGET_NAME)";
				SDKROOT = iphoneos;
				SWIFT_ACTIVE_COMPILATION_CONDITIONS = DEBUG;
				SWIFT_OPTIMIZATION_LEVEL = "-Onone";
				SWIFT_VERSION = 5.1;
			};
			name = Debug;
		};
/* End XCBuildConfiguration section */

/* Begin XCConfigurationList section */
		5FD49C79EADF8E4F9BA0127D /* Build configuration list for PBXNativeTarget "IOSStreamViewer" */ = {
			isa = XCConfigurationList;
			buildConfigurations = (
				4C1BE9CADF5C7B28E84A4E4A /* Debug */,
				32B5F0FCD384ECE18FD66134 /* Release */,
			);
			defaultConfigurationIsVisible = 0;
			defaultConfigurationName = Debug;
		};
		AB94BFA1146D689809AEC998 /* Build configuration list for PBXNativeTarget "BroadcastUploadExtension" */ = {
			isa = XCConfigurationList;
			buildConfigurations = (
				C6816F7C1FA5C5E1B8703956 /* Debug */,
				EC32F9257A2786E691516457 /* Release */,
			);
			defaultConfigurationIsVisible = 0;
			defaultConfigurationName = Debug;
		};
		C3CC053A412F33F322B4C775 /* Build configuration list for PBXProject "IOSStreamViewer" */ = {
			isa = XCConfigurationList;
			buildConfigurations = (
				FF2EA0DB3613A9D8583D5C76 /* Debug */,
				6AC0ECBE2CDBE0A00CB593F5 /* Release */,
			);
			defaultConfigurationIsVisible = 0;
			defaultConfigurationName = Debug;
		};
/* End XCConfigurationList section */
	};
	rootObject = 30F5E06654031B9A3A994060 /* Project object */;
}
